{
    "_meta": {
        "hash": {
            "sha256": "d4de3b2f9a1ed29b6af55eb5a3936a9e26a0bcbcc97785049c74e8c254a8b998"
        },
        "pipfile-spec": 6,
        "requires": {
            "python_version": "3.8"
        },
        "sources": [
            {
                "name": "pypi",
                "url": "https://pypi.org/simple",
                "verify_ssl": true
            }
        ]
    },
    "default": {
        "altgraph": {
            "hashes": [
                "sha256:1f05a47122542f97028caf78775a095fbe6a2699b5089de8477eb583167d69aa",
                "sha256:c623e5f3408ca61d4016f23a681b9adb100802ca3e3da5e718915a9e4052cebe"
            ],
            "version": "==0.17"
        },
        "cycler": {
            "hashes": [
                "sha256:1d8a5ae1ff6c5cf9b93e8811e581232ad8920aeec647c37316ceac982b08cb2d",
                "sha256:cd7b2d1018258d7247a71425e9f26463dfb444d411c39569972f4ce586b0c9d8"
            ],
            "version": "==0.10.0"
        },
        "future": {
            "hashes": [
                "sha256:b1bead90b70cf6ec3f0710ae53a525360fa360d306a86583adc6bf83a4db537d"
            ],
            "markers": "python_version >= '2.6' and python_version not in '3.0, 3.1, 3.2, 3.3'",
            "version": "==0.18.2"
        },
        "kiwisolver": {
            "hashes": [
                "sha256:0cd53f403202159b44528498de18f9285b04482bab2a6fc3f5dd8dbb9352e30d",
                "sha256:1e1bc12fb773a7b2ffdeb8380609f4f8064777877b2225dec3da711b421fda31",
                "sha256:225e2e18f271e0ed8157d7f4518ffbf99b9450fca398d561eb5c4a87d0986dd9",
                "sha256:232c9e11fd7ac3a470d65cd67e4359eee155ec57e822e5220322d7b2ac84fbf0",
                "sha256:31dfd2ac56edc0ff9ac295193eeaea1c0c923c0355bf948fbd99ed6018010b72",
                "sha256:33449715e0101e4d34f64990352bce4095c8bf13bed1b390773fc0a7295967b3",
                "sha256:401a2e9afa8588589775fe34fc22d918ae839aaaf0c0e96441c0fdbce6d8ebe6",
                "sha256:44a62e24d9b01ba94ae7a4a6c3fb215dc4af1dde817e7498d901e229aaf50e4e",
                "sha256:50af681a36b2a1dee1d3c169ade9fdc59207d3c31e522519181e12f1b3ba7000",
                "sha256:563c649cfdef27d081c84e72a03b48ea9408c16657500c312575ae9d9f7bc1c3",
                "sha256:5989db3b3b34b76c09253deeaf7fbc2707616f130e166996606c284395da3f18",
                "sha256:5a7a7dbff17e66fac9142ae2ecafb719393aaee6a3768c9de2fd425c63b53e21",
                "sha256:5c3e6455341008a054cccee8c5d24481bcfe1acdbc9add30aa95798e95c65621",
                "sha256:5f6ccd3dd0b9739edcf407514016108e2280769c73a85b9e59aa390046dbf08b",
                "sha256:72c99e39d005b793fb7d3d4e660aed6b6281b502e8c1eaf8ee8346023c8e03bc",
                "sha256:78751b33595f7f9511952e7e60ce858c6d64db2e062afb325985ddbd34b5c131",
                "sha256:834ee27348c4aefc20b479335fd422a2c69db55f7d9ab61721ac8cd83eb78882",
                "sha256:8be8d84b7d4f2ba4ffff3665bcd0211318aa632395a1a41553250484a871d454",
                "sha256:950a199911a8d94683a6b10321f9345d5a3a8433ec58b217ace979e18f16e248",
                "sha256:a357fd4f15ee49b4a98b44ec23a34a95f1e00292a139d6015c11f55774ef10de",
                "sha256:a53d27d0c2a0ebd07e395e56a1fbdf75ffedc4a05943daf472af163413ce9598",
                "sha256:acef3d59d47dd85ecf909c359d0fd2c81ed33bdff70216d3956b463e12c38a54",
                "sha256:b38694dcdac990a743aa654037ff1188c7a9801ac3ccc548d3341014bc5ca278",
                "sha256:b9edd0110a77fc321ab090aaa1cfcaba1d8499850a12848b81be2222eab648f6",
                "sha256:c08e95114951dc2090c4a630c2385bef681cacf12636fb0241accdc6b303fd81",
                "sha256:c5518d51a0735b1e6cee1fdce66359f8d2b59c3ca85dc2b0813a8aa86818a030",
                "sha256:c8fd0f1ae9d92b42854b2979024d7597685ce4ada367172ed7c09edf2cef9cb8",
                "sha256:ca3820eb7f7faf7f0aa88de0e54681bddcb46e485beb844fcecbcd1c8bd01689",
                "sha256:cf8b574c7b9aa060c62116d4181f3a1a4e821b2ec5cbfe3775809474113748d4",
                "sha256:d3155d828dec1d43283bd24d3d3e0d9c7c350cdfcc0bd06c0ad1209c1bbc36d0",
                "sha256:f8d6f8db88049a699817fd9178782867bf22283e3813064302ac59f61d95be05",
                "sha256:fd34fbbfbc40628200730bc1febe30631347103fc8d3d4fa012c21ab9c11eca9"
            ],
            "markers": "python_version >= '3.6'",
            "version": "==1.3.1"
        },
        "matplotlib": {
            "hashes": [
                "sha256:006413f08ba5db1f5b1e0d6fbdc2ac9058b062ccf552f57182563a78579c34b4",
                "sha256:1ab264770e7cf2cf4feb99f22c737066aef21ddf1ec402dc255450ac15eacb7b",
                "sha256:20bcd11efe194cd302bd0653cb025b8d16bcd80442359bfca8d49dc805f35ec8",
                "sha256:2a6d64336b547e25730b6221e7aadfb01a391a065d43b5f51f0b9d7f673d2dd2",
                "sha256:31d32c83bb2b617377c6156f75e88b9ec2ded289e47ad4ff0f263dc1019d88b1",
                "sha256:3d77a6630d093d74cbbfebaa0571d00790966be1ed204e4a8239f5cbd6835c5d",
                "sha256:4416825ebc9c1f135027a30e8d8aea0edcf45078ce767c7f7386737413cfb98f",
                "sha256:465c752278d27895e23f1379d6fcfa3a2990643b803c25e3bc16a10641d2346a",
                "sha256:647cf232ccf6265d2ba1ac4103e8c8b6ac7b03a40da3421234ffb03dda217f59",
                "sha256:67065d938df34478451af62fbd0670d2b51c4d859fb66673064eb5de8660dd7c",
                "sha256:81de040403a33bf3c68e9d4a40e26c8d24da00f7e3fadd845003b7e106785da7",
                "sha256:894dd47c0a6ce38dc19bc87d1f7e2b0608310b2a18d1572291157450b05ce874",
                "sha256:91c153f4318e3c67c035fd1185f5ea2613f15008b73b66985033033f6fe54bbd",
                "sha256:a47abc48c7b81fe6e636dde8a58e49b13d87d140e0f448213a4879f4a3f73345",
                "sha256:a68e42e22f7fd190a532e4215e142276970c2d54040a0c46842fcb3db8b6ec5b",
                "sha256:da06fa530591a141ffbe1712bbeec784734c3436b40c942d21652f305199b5d9"
            ],
            "index": "pypi",
            "version": "==3.2.2"
        },
        "numpy": {
            "hashes": [
                "sha256:1786a08236f2c92ae0e70423c45e1e62788ed33028f94ca99c4df03f5be6b3c6",
                "sha256:17aa7a81fe7599a10f2b7d95856dc5cf84a4eefa45bc96123cbbc3ebc568994e",
                "sha256:20b26aaa5b3da029942cdcce719b363dbe58696ad182aff0e5dcb1687ec946dc",
                "sha256:2d75908ab3ced4223ccba595b48e538afa5ecc37405923d1fea6906d7c3a50bc",
                "sha256:39d2c685af15d3ce682c99ce5925cc66efc824652e10990d2462dfe9b8918c6a",
                "sha256:56bc8ded6fcd9adea90f65377438f9fea8c05fcf7c5ba766bef258d0da1554aa",
                "sha256:590355aeade1a2eaba17617c19edccb7db8d78760175256e3cf94590a1a964f3",
                "sha256:70a840a26f4e61defa7bdf811d7498a284ced303dfbc35acb7be12a39b2aa121",
                "sha256:77c3bfe65d8560487052ad55c6998a04b654c2fbc36d546aef2b2e511e760971",
                "sha256:9537eecf179f566fd1c160a2e912ca0b8e02d773af0a7a1120ad4f7507cd0d26",
                "sha256:9acdf933c1fd263c513a2df3dceecea6f3ff4419d80bf238510976bf9bcb26cd",
                "sha256:ae0975f42ab1f28364dcda3dde3cf6c1ddab3e1d4b2909da0cb0191fa9ca0480",
                "sha256:b3af02ecc999c8003e538e60c89a2b37646b39b688d4e44d7373e11c2debabec",
                "sha256:b6ff59cee96b454516e47e7721098e6ceebef435e3e21ac2d6c3b8b02628eb77",
                "sha256:b765ed3930b92812aa698a455847141869ef755a87e099fddd4ccf9d81fffb57",
                "sha256:c98c5ffd7d41611407a1103ae11c8b634ad6a43606eca3e2a5a269e5d6e8eb07",
                "sha256:cf7eb6b1025d3e169989416b1adcd676624c2dbed9e3bcb7137f51bfc8cc2572",
                "sha256:d92350c22b150c1cae7ebb0ee8b5670cc84848f6359cf6b5d8f86617098a9b73",
                "sha256:e422c3152921cece8b6a2fb6b0b4d73b6579bd20ae075e7d15143e711f3ca2ca",
                "sha256:e840f552a509e3380b0f0ec977e8124d0dc34dc0e68289ca28f4d7c1d0d79474",
                "sha256:f3d0a94ad151870978fb93538e95411c83899c9dc63e6fb65542f769568ecfa5"
            ],
            "index": "pypi",
            "version": "==1.18.1"
        },
        "pefile": {
            "hashes": [
                "sha256:a5d6e8305c6b210849b47a6174ddf9c452b2888340b8177874b862ba6c207645"
            ],
            "markers": "sys_platform == 'win32'",
            "version": "==2019.4.18"
        },
        "pillow": {
            "hashes": [
                "sha256:006de60d7580d81f4a1a7e9f0173dc90a932e3905cc4d47ea909bc946302311a",
                "sha256:0a2e8d03787ec7ad71dc18aec9367c946ef8ef50e1e78c71f743bc3a770f9fae",
                "sha256:0eeeae397e5a79dc088d8297a4c2c6f901f8fb30db47795113a4a605d0f1e5ce",
                "sha256:11c5c6e9b02c9dac08af04f093eb5a2f84857df70a7d4a6a6ad461aca803fb9e",
                "sha256:2fb113757a369a6cdb189f8df3226e995acfed0a8919a72416626af1a0a71140",
                "sha256:4b0ef2470c4979e345e4e0cc1bbac65fda11d0d7b789dbac035e4c6ce3f98adb",
                "sha256:59e903ca800c8cfd1ebe482349ec7c35687b95e98cefae213e271c8c7fffa021",
                "sha256:5abd653a23c35d980b332bc0431d39663b1709d64142e3652890df4c9b6970f6",
                "sha256:5f9403af9c790cc18411ea398a6950ee2def2a830ad0cfe6dc9122e6d528b302",
                "sha256:6b4a8fd632b4ebee28282a9fef4c341835a1aa8671e2770b6f89adc8e8c2703c",
                "sha256:6c1aca8231625115104a06e4389fcd9ec88f0c9befbabd80dc206c35561be271",
                "sha256:795e91a60f291e75de2e20e6bdd67770f793c8605b553cb6e4387ce0cb302e09",
                "sha256:7ba0ba61252ab23052e642abdb17fd08fdcfdbbf3b74c969a30c58ac1ade7cd3",
                "sha256:7c9401e68730d6c4245b8e361d3d13e1035cbc94db86b49dc7da8bec235d0015",
                "sha256:81f812d8f5e8a09b246515fac141e9d10113229bc33ea073fec11403b016bcf3",
                "sha256:895d54c0ddc78a478c80f9c438579ac15f3e27bf442c2a9aa74d41d0e4d12544",
                "sha256:8de332053707c80963b589b22f8e0229f1be1f3ca862a932c1bcd48dafb18dd8",
                "sha256:92c882b70a40c79de9f5294dc99390671e07fc0b0113d472cbea3fde15db1792",
                "sha256:95edb1ed513e68bddc2aee3de66ceaf743590bf16c023fb9977adc4be15bd3f0",
                "sha256:b63d4ff734263ae4ce6593798bcfee6dbfb00523c82753a3a03cbc05555a9cc3",
                "sha256:bd7bf289e05470b1bc74889d1466d9ad4a56d201f24397557b6f65c24a6844b8",
                "sha256:cc3ea6b23954da84dbee8025c616040d9aa5eaf34ea6895a0a762ee9d3e12e11",
                "sha256:cc9ec588c6ef3a1325fa032ec14d97b7309db493782ea8c304666fb10c3bd9a7",
                "sha256:d3d07c86d4efa1facdf32aa878bd508c0dc4f87c48125cc16b937baa4e5b5e11",
                "sha256:d8a96747df78cda35980905bf26e72960cba6d355ace4780d4bdde3b217cdf1e",
                "sha256:e38d58d9138ef972fceb7aeec4be02e3f01d383723965bfcef14d174c8ccd039",
                "sha256:eb472586374dc66b31e36e14720747595c2b265ae962987261f044e5cce644b5",
                "sha256:fbd922f702582cb0d71ef94442bfca57624352622d75e3be7a1e7e9360b07e72"
            ],
            "markers": "python_version >= '3.6'",
            "version": "==8.0.1"
        },
        "pyinstaller": {
            "hashes": [
                "sha256:970beb07115761d5e4ec317c1351b712fd90ae7f23994db914c633281f99bab0"
            ],
            "index": "pypi",
            "version": "==4.0"
        },
        "pyinstaller-hooks-contrib": {
            "hashes": [
                "sha256:bf4543a16c9c6e9dd2d70ea3fee78b81d3357a68f706df471d990213892259d9",
                "sha256:dd752c88c1c7bb6920f7de248c12d4411c0463877e5e64afdc4f7e93dff9fc94"
            ],
            "version": "==2020.10"
        },
        "pyparsing": {
            "hashes": [
                "sha256:c203ec8783bf771a155b207279b9bccb8dea02d8f0c9e5f8ead507bc3246ecc1",
                "sha256:ef9d7589ef3c200abe66653d3f1ab1033c3c419ae9b9bdb1240a85b024efc88b"
            ],
            "markers": "python_version >= '2.6' and python_version not in '3.0, 3.1, 3.2, 3.3'",
            "version": "==2.4.7"
        },
        "python-dateutil": {
            "hashes": [
                "sha256:73ebfe9dbf22e832286dafa60473e4cd239f8592f699aa5adaf10050e6e1823c",
                "sha256:75bb3f31ea686f1197762692a9ee6a7550b59fc6ca3a1f4b5d7e32fb98e2da2a"
            ],
            "markers": "python_version >= '2.7' and python_version not in '3.0, 3.1, 3.2, 3.3'",
            "version": "==2.8.1"
        },
        "pywin32-ctypes": {
            "hashes": [
                "sha256:24ffc3b341d457d48e8922352130cf2644024a4ff09762a2261fd34c36ee5942",
                "sha256:9dc2d991b3479cc2df15930958b674a48a227d5361d413827a4cfd0b5876fc98"
            ],
            "markers": "sys_platform == 'win32'",
            "version": "==0.2.0"
        },
        "scipy": {
            "hashes": [
                "sha256:07b083128beae040f1129bd8a82b01804f5e716a7fd2962c1053fa683433e4ab",
                "sha256:0edd67e8a00903aaf7a29c968555a2e27c5a69fea9d1dcfffda80614281a884f",
                "sha256:12fdcbfa56cac926a0a9364a30cbf4ad03c2c7b59f75b14234656a5e4fd52bf3",
                "sha256:1fee28b6641ecbff6e80fe7788e50f50c5576157d278fa40f36c851940eb0aff",
                "sha256:33e6a7439f43f37d4c1135bc95bcd490ffeac6ef4b374892c7005ce2c729cf4a",
                "sha256:5163200ab14fd2b83aba8f0c4ddcc1fa982a43192867264ab0f4c8065fd10d17",
                "sha256:66ec29348444ed6e8a14c9adc2de65e74a8fc526dc2c770741725464488ede1f",
                "sha256:8cc5c39ed287a8b52a5509cd6680af078a40b0e010e2657eca01ffbfec929468",
                "sha256:a1a13858b10d41beb0413c4378462b43eafef88a1948d286cb357eadc0aec024",
                "sha256:a3db1fe7c6cb29ca02b14c9141151ebafd11e06ffb6da8ecd330eee5c8283a8a",
                "sha256:aebb69bcdec209d874fc4b0c7ac36f509d50418a431c1422465fa34c2c0143ea",
                "sha256:b9751b39c52a3fa59312bd2e1f40144ee26b51404db5d2f0d5259c511ff6f614",
                "sha256:bc0e63daf43bf052aefbbd6c5424bc03f629d115ece828e87303a0bcc04a37e4",
                "sha256:d5e3cc60868f396b78fc881d2c76460febccfe90f6d2f082b9952265c79a8788",
                "sha256:ddae76784574cc4c172f3d5edd7308be16078dd3b977e8746860c76c195fa707",
                "sha256:e2602f79c85924e4486f684aa9bbab74afff90606100db88d0785a0088be7edb",
                "sha256:e527c9221b6494bcd06a17f9f16874406b32121385f9ab353b8a9545be458f0b",
                "sha256:f574558f1b774864516f3c3fe072ebc90a29186f49b720f60ed339294b7f32ac",
                "sha256:ffcbd331f1ffa82e22f1d408e93c37463c9a83088243158635baec61983aaacf"
            ],
            "index": "pypi",
            "version": "==1.5.3"
        },
        "six": {
            "hashes": [
                "sha256:30639c035cdb23534cd4aa2dd52c3bf48f06e5f4a941509c8bafd8ce11080259",
                "sha256:8b74bedcbbbaca38ff6d7491d76f2b06b3592611af620f8426e82dddb04a5ced"
            ],
            "markers": "python_version >= '2.7' and python_version not in '3.0, 3.1, 3.2, 3.3'",
            "version": "==1.15.0"
        },
        "wxpython": {
            "hashes": [
                "sha256:0a920b94c6d1f9e1fbb8d036773b293905b913bdca85a6e85aadf106565d1f53",
                "sha256:0c12164e59147ed820513c5a396c46d5ec600988bc0bb237cf0cd7defcfdf26a",
                "sha256:25ca6acdb11c7af681c1d0c0936f831c3bf403b0bcf59452d34d6540de77c8f2",
                "sha256:2e2475cb755ac8d93d2f9335c39c060b4d17ecb5d4e0e86626d1e2834b64a48b",
                "sha256:413f8b36670706256d5e4d712742e7d73c5f59435ea3f903169d1da066fdfe80",
                "sha256:691ac689cee21df79d2b3b5d327c65c4e660610f8d5b64ac813c57048eaf1835",
                "sha256:7e8b94387243722550bc053b3251f3255a8fd58d5c09a35ecc2d98111644f44f",
                "sha256:908c3b79849547a400c353ab552878e179826100c117cbdc34000272d68ea4e5",
                "sha256:93ef5c5a9a20ea183615cdebdd0a63658b511bc566eeeb06aca312ced383b867",
                "sha256:a0452911ffb5127e32d5a0f828c7c24ee233a786b4f24308924795d515dda8d3",
                "sha256:c26d8ba212c6813f597df14841f3683d76a8c6f6079708ebd66f01674384b7da",
                "sha256:e366fef08f589d41572d472befa7ce280e269f97ce2e6005d46868c1021f75e5",
                "sha256:f4b90118c708ae725262938611a056c87cbfbbfb5659bcdbc09b347821483b50"
            ],
            "index": "pypi",
            "version": "==4.1.0"
        }
    },
    "develop": {}
}
